<?xml version="1.0" encoding="UTF-8" standalone="yes" ?>
<CodeBlocks_project_file>
	<FileVersion major="1" minor="6" />
	<Project>
		<Option title="Server1" />
		<Option pch_mode="2" />
		<Option compiler="gcc" />
		<Build>
			<Target title="Debug">
				<Option output="bin/Debug/Server1" prefix_auto="1" extension_auto="1" />
				<Option object_output="obj/Debug/" />
				<Option type="1" />
				<Option compiler="gcc" />
				<Compiler>
					<Add option="-std=c++11" />
					<Add option="-g" />
					<Add option="-Wno-deprecated" />
					<Add option="`pkg-config --cflags protobuf`" />
					<Add option="-DBOOST_LOG_DYN_LINK" />
					<Add directory="../../lib/boost_1_57_0" />
					<Add directory="include" />
					<Add directory="../../lib/RCF-2.0.1.101/include" />
					<Add directory="../common/include" />
					<Add directory="../common/protobuf" />
					<Add directory="../../lib/RCFProto-src-1.0.0.3/cpp/src" />
					<Add directory="../common/Common-train-server1/include" />
					<Add directory="Codeblock/Server1/include" />
				</Compiler>
				<Linker>
					<Add option="`pkg-config --libs protobuf`" />
					<Add library="/usr/lib/x86_64-linux-gnu/libpthread.so" />
					<Add library="/usr/lib/x86_64-linux-gnu/libdl.so" />
					<Add library="../../lib/libboostlog/libboost_chrono.so" />
					<Add library="../../lib/libboostlog/libboost_date_time.so" />
					<Add library="../../lib/libboostlog/libboost_filesystem.so" />
					<Add library="../../lib/libboostlog/libboost_log.so" />
					<Add library="../../lib/libboostlog/libboost_log_setup.so" />
					<Add library="../../lib/libboostlog/libboost_regex.so" />
					<Add library="../../lib/libboostlog/libboost_system.so" />
					<Add library="../../lib/libboostlog/libboost_thread.so" />
				</Linker>
			</Target>
			<Target title="Release">
				<Option output="bin/Release/Server1" prefix_auto="1" extension_auto="1" />
				<Option object_output="obj/Release/" />
				<Option type="1" />
				<Option compiler="gcc" />
				<Compiler>
					<Add option="-O2" />
					<Add option="-std=c++11" />
					<Add option="-Wno-deprecated" />
					<Add option="`pkg-config --cflags protobuf`" />
					<Add option="-DBOOST_LOG_DYN_LINK" />
					<Add directory="../../lib/boost_1_57_0" />
					<Add directory="include" />
					<Add directory="../../lib/RCF-2.0.1.101/include" />
					<Add directory="../common/include" />
					<Add directory="../common/protobuf" />
					<Add directory="../../lib/RCFProto-src-1.0.0.3/cpp/src" />
					<Add directory="../common/Common-train-server1/include" />
					<Add directory="Codeblock/Server1/include" />
				</Compiler>
				<Linker>
					<Add option="-s" />
					<Add library="/usr/lib/x86_64-linux-gnu/libpthread.so" />
					<Add library="/usr/lib/x86_64-linux-gnu/libdl.so" />
					<Add library="../../lib/libboostlog/libboost_chrono.so" />
					<Add library="../../lib/libboostlog/libboost_date_time.so" />
					<Add library="../../lib/libboostlog/libboost_filesystem.so" />
					<Add library="../../lib/libboostlog/libboost_log.so" />
					<Add library="../../lib/libboostlog/libboost_log_setup.so" />
					<Add library="../../lib/libboostlog/libboost_regex.so" />
					<Add library="../../lib/libboostlog/libboost_system.so" />
					<Add library="../../lib/libboostlog/libboost_thread.so" />
					<Add library="../../lib/libprotobuf/libprotobuf.so" />
				</Linker>
				<ExtraCommands>
					<Add after="../../batch/deploy_Server1_from_Codeblock_postbuild.sh" />
					<Mode after="always" />
				</ExtraCommands>
			</Target>
		</Build>
		<Compiler>
			<Add option="-Wall" />
		</Compiler>
		<Unit filename="../../lib/RCF-2.0.1.101/src/RCF/RCF.cpp" />
		<Unit filename="../../lib/RCFProto-src-1.0.0.3/cpp/src/RCFProto.cpp" />
		<Unit filename="../common/Common-train-server1/include/TrainCommSession.hpp" />
		<Unit filename="../common/Common-train-server1/include/TrainOperationSession.hpp" />
		<Unit filename="../common/Common-train-server1/include/TrainSession.hpp" />
		<Unit filename="../common/Common-train-server1/src/TrainCommSession.cpp" />
		<Unit filename="../common/Common-train-server1/src/TrainOperationSession.cpp" />
		<Unit filename="../common/Common-train-server1/src/TrainSession.cpp" />
		<Unit filename="../common/include/config.hpp" />
		<Unit filename="../common/include/errors.hpp" />
		<Unit filename="../common/include/utils.hpp" />
		<Unit filename="../common/protobuf/RCFProtoServices.pb.cc" />
		<Unit filename="../common/protobuf/RCFProtoServices.pb.h" />
		<Unit filename="../common/src/config.cpp" />
		<Unit filename="../common/src/utils.cpp" />
		<Unit filename="include/log.hpp" />
		<Unit filename="include/protobufgetfleetservicesimpl.hpp" />
		<Unit filename="include/protobufservicesimpl.hpp" />
		<Unit filename="include/protobufsyncserver.hpp" />
		<Unit filename="src/log.cpp" />
		<Unit filename="src/main.cpp" />
		<Unit filename="src/protobufgetfleetservicesimpl.cpp" />
		<Unit filename="src/protobufservicesimpl.cpp" />
		<Unit filename="src/protobufsyncserver.cpp" />
		<Extensions>
			<code_completion />
			<debugger />
			<envvars />
		</Extensions>
	</Project>
</CodeBlocks_project_file>
